
Microsoft Visual Studio Solution File, Format Version 12.00
# Visual Studio 14
VisualStudioVersion = 14.0.25123.0
MinimumVisualStudioVersion = 10.0.40219.1
Project("{FAE04EC0-301F-11D3-BF4B-00C04F79EFBC}") = "Appccelerate.CheckFactsInMatchingNamespaceTask", "Appccelerate.CheckFactsInMatchingNamespaceTask\Appccelerate.CheckFactsInMatchingNamespaceTask.csproj", "{7EF3ED9A-7451-47F2-9676-856507E30518}"
EndProject
Project("{2150E333-8FDC-42A3-9474-1A3956D46DE8}") = "Solution Items", "Solution Items", "{9C1A38C4-6624-4D4D-AE83-1CB5744C02CF}"
	ProjectSection(SolutionItems) = preProject
		Appccelerate.CheckFactsInMatchingNamespaceTask.nuspec = Appccelerate.CheckFactsInMatchingNamespaceTask.nuspec
		Appccelerate.CheckFactsInMatchingNamespaceTask.targets = Appccelerate.CheckFactsInMatchingNamespaceTask.targets
	EndProjectSection
EndProject
Project("{FAE04EC0-301F-11D3-BF4B-00C04F79EFBC}") = "Appccelerate.CheckFactsInMatchingNamespaceTask.Facts", "Appccelerate.CheckFactsInMatchingNamespaceTask.Facts\Appccelerate.CheckFactsInMatchingNamespaceTask.Facts.csproj", "{1A1EDEE4-EFA6-4979-A0E4-C5706FFB49E8}"
EndProject
Global
	GlobalSection(SolutionConfigurationPlatforms) = preSolution
		Debug|Any CPU = Debug|Any CPU
		Release|Any CPU = Release|Any CPU
	EndGlobalSection
	GlobalSection(ProjectConfigurationPlatforms) = postSolution
		{7EF3ED9A-7451-47F2-9676-856507E30518}.Debug|Any CPU.ActiveCfg = Debug|Any CPU
		{7EF3ED9A-7451-47F2-9676-856507E30518}.Debug|Any CPU.Build.0 = Debug|Any CPU
		{7EF3ED9A-7451-47F2-9676-856507E30518}.Release|Any CPU.ActiveCfg = Release|Any CPU
		{7EF3ED9A-7451-47F2-9676-856507E30518}.Release|Any CPU.Build.0 = Release|Any CPU
		{1A1EDEE4-EFA6-4979-A0E4-C5706FFB49E8}.Debug|Any CPU.ActiveCfg = Debug|Any CPU
		{1A1EDEE4-EFA6-4979-A0E4-C5706FFB49E8}.Debug|Any CPU.Build.0 = Debug|Any CPU
		{1A1EDEE4-EFA6-4979-A0E4-C5706FFB49E8}.Release|Any CPU.ActiveCfg = Release|Any CPU
		{1A1EDEE4-EFA6-4979-A0E4-C5706FFB49E8}.Release|Any CPU.Build.0 = Release|Any CPU
	EndGlobalSection
	GlobalSection(SolutionProperties) = preSolution
		HideSolutionNode = FALSE
	EndGlobalSection
EndGlobal
